
Microsoft Visual Studio Solution File, Format Version 12.00
# Visual Studio 15
VisualStudioVersion = 15.0.28307.779
MinimumVisualStudioVersion = 10.0.40219.1
Project("{FAE04EC0-301F-11D3-BF4B-00C04F79EFBC}") = "Salubrious_System", "Salubrious_System\Salubrious_System.csproj", "{47E172A7-845A-4C21-B782-C3E24F9E8CA0}"
EndProject
Global
	GlobalSection(SolutionConfigurationPlatforms) = preSolution
		Debug|Any CPU = Debug|Any CPU
		Release|Any CPU = Release|Any CPU
	EndGlobalSection
	GlobalSection(ProjectConfigurationPlatforms) = postSolution
		{47E172A7-845A-4C21-B782-C3E24F9E8CA0}.Debug|Any CPU.ActiveCfg = Debug|Any CPU
		{47E172A7-845A-4C21-B782-C3E24F9E8CA0}.Debug|Any CPU.Build.0 = Debug|Any CPU
		{47E172A7-845A-4C21-B782-C3E24F9E8CA0}.Release|Any CPU.ActiveCfg = Release|Any CPU
		{47E172A7-845A-4C21-B782-C3E24F9E8CA0}.Release|Any CPU.Build.0 = Release|Any CPU
	EndGlobalSection
	GlobalSection(SolutionProperties) = preSolution
		HideSolutionNode = FALSE
	EndGlobalSection
	GlobalSection(ExtensibilityGlobals) = postSolution
		SolutionGuid = {A8A661A3-8863-47B8-ADFA-0C6D647DEE05}
	EndGlobalSection
EndGlobal
